{
  "version": 4,
  "terraform_version": "0.14.2",
  "serial": 10,
  "lineage": "91993f34-abcf-db6e-2204-65b825214095",
  "outputs": {},
  "resources": [
    {
      "mode": "managed",
      "type": "docker_container",
      "name": "perfolio_web_analytics",
      "provider": "provider[\"registry.terraform.io/kreuzwerker/docker\"]",
      "instances": [
        {
          "schema_version": 2,
          "attributes": {
            "attach": false,
            "bridge": "",
            "capabilities": [],
            "command": [
              "node_modules/.bin/next",
              "start"
            ],
            "container_logs": null,
            "cpu_set": "",
            "cpu_shares": 0,
            "destroy_grace_seconds": null,
            "devices": [],
            "dns": null,
            "dns_opts": null,
            "dns_search": null,
            "domainname": "",
            "entrypoint": [
              "docker-entrypoint.sh"
            ],
            "env": [
              "AUTH0_CLIENT_ID=2fG5w743qzoG0tgTbV9FFki0jC4dc666",
              "AUTH0_CLIENT_SECRET=LALNcOMBAn8CAzN5KIgnrpZYL2eSvMVfARbIPl6fplkEhmGqz7PQBicn3sXYtz7c",
              "AUTH0_DOMAIN=perfolio2.eu.auth0.com",
              "AUTH0_POST_LOGOUT_REDIRECT_URI=http://localhost:3000",
              "AUTH0_REDIRECT_URI=http://localhost:3000",
              "COOKIE_SECRET=aaaaaaaaaaaaaaaaaaaaaaaaaaaaaaaaaaaaaaaaaaaaaaaaaaaaaaaaaaaaaa"
            ],
            "exit_code": null,
            "gateway": "172.17.0.1",
            "group_add": null,
            "healthcheck": [],
            "host": [],
            "hostname": "perfolio-web-analytics",
            "id": "40077d797f19a6c448b358d0613064ff99212419534652f6eab2f8cbae495e6b",
            "image": "sha256:b7ded60e10f7f665b86c02e7d84d87d1d3d4c7b58d3621cf6afaf930f52a835b",
            "ip_address": "172.17.0.2",
            "ip_prefix_length": 16,
            "ipc_mode": "private",
            "labels": [
              {
                "label": "traefik.enable",
                "value": "true"
              },
              {
                "label": "traefik.http.routers.analytics.rule",
                "value": "Host(`perfol.io`)"
              }
            ],
            "links": null,
            "log_driver": "json-file",
            "log_opts": null,
            "logs": false,
            "max_retry_count": 0,
            "memory": 0,
            "memory_swap": 0,
            "mounts": [],
            "must_run": true,
            "name": "perfolio-web-analytics",
            "network_alias": null,
            "network_data": [
              {
                "gateway": "172.17.0.1",
                "global_ipv6_address": "",
                "global_ipv6_prefix_length": 0,
                "ip_address": "172.17.0.2",
                "ip_prefix_length": 16,
                "ipv6_gateway": "",
                "network_name": "bridge"
              }
            ],
            "network_mode": "default",
            "networks": null,
            "networks_advanced": [],
            "pid_mode": "",
            "ports": [
              {
                "external": 43002,
                "internal": 3000,
                "ip": "0.0.0.0",
                "protocol": "tcp"
              }
            ],
            "privileged": false,
            "publish_all_ports": false,
            "read_only": false,
            "remove_volumes": true,
            "restart": "always",
            "rm": false,
            "shm_size": 64,
            "start": true,
            "sysctls": null,
            "tmpfs": null,
            "ulimit": [],
            "upload": [],
            "user": "",
            "userns_mode": "",
            "volumes": [],
            "working_dir": "/app"
          },
          "sensitive_attributes": [],
          "private": "eyJzY2hlbWFfdmVyc2lvbiI6IjIifQ=="
        }
      ]
    },
    {
      "mode": "managed",
      "type": "docker_image",
      "name": "web_analytics",
      "provider": "provider[\"registry.terraform.io/kreuzwerker/docker\"]",
      "instances": [
        {
          "schema_version": 0,
          "attributes": {
            "build": [
              {
                "build_arg": {},
                "dockerfile": "./build/Dockerfile",
                "force_remove": false,
                "label": {},
                "no_cache": false,
                "path": "../",
                "remove": true,
                "tag": [
                  "latest"
                ],
                "target": ""
              }
            ],
            "id": "sha256:b7ded60e10f7f665b86c02e7d84d87d1d3d4c7b58d3621cf6afaf930f52a835bperfolio/web-analytics",
            "keep_locally": null,
            "latest": "sha256:b7ded60e10f7f665b86c02e7d84d87d1d3d4c7b58d3621cf6afaf930f52a835b",
            "name": "perfolio/web-analytics",
            "output": null,
            "pull_trigger": null,
            "pull_triggers": null
          },
          "sensitive_attributes": []
        }
      ]
    }
  ]
}
